github.com/ZerQAQ/Zvpn v0.0.0-20210117084627-35a177c9541b h1:DaaE3kY1fqrDWSfWQywmL06TVvOlvzW+U/FhBDZGfVY=
github.com/ZerQAQ/Zvpn v0.0.0-20210117084627-35a177c9541b/go.mod h1:Wabph2Ib1PESiGQPQ3Y49lB62tSLjw7Xgh16AQxPZ1I=
github.com/ZerQAQ/Zvpn v0.0.0-20210117142028-fbaeffd021aa h1:kjb7tvcWuX1ED2j+VjgJn2fIh2TmxndeVq4T+tSIYyM=
github.com/ZerQAQ/Zvpn v0.0.0-20210117142028-fbaeffd021aa/go.mod h1:Wabph2Ib1PESiGQPQ3Y49lB62tSLjw7Xgh16AQxPZ1I=
github.com/ZerQAQ/Zvpn v0.0.0-20210117143756-cfc1c3be90b2 h1:FSS0DdSF+zbmVX0bsE1o1GJMpWrL27n/QQN5jNOESI8=
github.com/ZerQAQ/Zvpn v0.0.0-20210117143756-cfc1c3be90b2/go.mod h1:Wabph2Ib1PESiGQPQ3Y49lB62tSLjw7Xgh16AQxPZ1I=
github.com/ZerQAQ/Zvpn v0.0.0-20210118051245-80226ed7c98b h1:Ka0XBXX696BIGSg6qEtFOk5I0bmpmwqbbWQ9W/U83kQ=
github.com/ZerQAQ/Zvpn v0.0.0-20210118051245-80226ed7c98b/go.mod h1:Wabph2Ib1PESiGQPQ3Y49lB62tSLjw7Xgh16AQxPZ1I=
